
Microsoft Visual Studio Solution File, Format Version 12.00
# Visual Studio Version 16
VisualStudioVersion = 16.0.31205.134
MinimumVisualStudioVersion = 10.0.40219.1
Project("{9A19103F-16F7-4668-BE54-9A1E7A4F7556}") = "KTPayProject", "KTPayProject.csproj", "{9A4811AF-FF4B-43AD-898C-18CFE2759E45}"
EndProject
Project("{FAE04EC0-301F-11D3-BF4B-00C04F79EFBC}") = "KTPayProjectTest", "..\KTPayProjectTest\KTPayProjectTest.csproj", "{404CB5EE-438B-4F1D-B630-C9DEC7FE797D}"
EndProject
Global
	GlobalSection(SolutionConfigurationPlatforms) = preSolution
		Debug|Any CPU = Debug|Any CPU
		Release|Any CPU = Release|Any CPU
	EndGlobalSection
	GlobalSection(ProjectConfigurationPlatforms) = postSolution
		{9A4811AF-FF4B-43AD-898C-18CFE2759E45}.Debug|Any CPU.ActiveCfg = Debug|Any CPU
		{9A4811AF-FF4B-43AD-898C-18CFE2759E45}.Debug|Any CPU.Build.0 = Debug|Any CPU
		{9A4811AF-FF4B-43AD-898C-18CFE2759E45}.Release|Any CPU.ActiveCfg = Release|Any CPU
		{9A4811AF-FF4B-43AD-898C-18CFE2759E45}.Release|Any CPU.Build.0 = Release|Any CPU
		{404CB5EE-438B-4F1D-B630-C9DEC7FE797D}.Debug|Any CPU.ActiveCfg = Debug|Any CPU
		{404CB5EE-438B-4F1D-B630-C9DEC7FE797D}.Debug|Any CPU.Build.0 = Debug|Any CPU
		{404CB5EE-438B-4F1D-B630-C9DEC7FE797D}.Release|Any CPU.ActiveCfg = Release|Any CPU
		{404CB5EE-438B-4F1D-B630-C9DEC7FE797D}.Release|Any CPU.Build.0 = Release|Any CPU
	EndGlobalSection
	GlobalSection(SolutionProperties) = preSolution
		HideSolutionNode = FALSE
	EndGlobalSection
	GlobalSection(ExtensibilityGlobals) = postSolution
		SolutionGuid = {837C25A4-2B34-4504-AF6A-54BE339F1B48}
	EndGlobalSection
EndGlobal
